// !$*UTF8*$!
{
	archiveVersion = 1;
	classes = {
	};
	objectVersion = 50;
	objects = {

/* Begin PBXBuildFile section */
		F3C4AB7F24EEF0F800B965F7 /* AppDelegate.swift in Sources */ = {isa = PBXBuildFile; fileRef = F3C4AB7E24EEF0F800B965F7 /* AppDelegate.swift */; };
		F3C4AB8124EEF0F800B965F7 /* SceneDelegate.swift in Sources */ = {isa = PBXBuildFile; fileRef = F3C4AB8024EEF0F800B965F7 /* SceneDelegate.swift */; };
		F3C4AB8324EEF0F800B965F7 /* ViewController.swift in Sources */ = {isa = PBXBuildFile; fileRef = F3C4AB8224EEF0F800B965F7 /* ViewController.swift */; };
		F3C4AB8624EEF0F800B965F7 /* Main.storyboard in Resources */ = {isa = PBXBuildFile; fileRef = F3C4AB8424EEF0F800B965F7 /* Main.storyboard */; };
		F3C4AB8824EEF0F900B965F7 /* Assets.xcassets in Resources */ = {isa = PBXBuildFile; fileRef = F3C4AB8724EEF0F900B965F7 /* Assets.xcassets */; };
		F3C4AB8B24EEF0F900B965F7 /* LaunchScreen.storyboard in Resources */ = {isa = PBXBuildFile; fileRef = F3C4AB8924EEF0F900B965F7 /* LaunchScreen.storyboard */; };
		F3C4AB9624EEF0F900B965F7 /* GitUseExampleTests.swift in Sources */ = {isa = PBXBuildFile; fileRef = F3C4AB9524EEF0F900B965F7 /* GitUseExampleTests.swift */; };
		F3C4ABA124EEF0F900B965F7 /* GitUseExampleUITests.swift in Sources */ = {isa = PBXBuildFile; fileRef = F3C4ABA024EEF0F900B965F7 /* GitUseExampleUITests.swift */; };
		F3C4ABB124EEF2ED00B965F7 /* MapForItinerery.swift in Sources */ = {isa = PBXBuildFile; fileRef = F3C4ABB024EEF2ED00B965F7 /* MapForItinerery.swift */; };
/* End PBXBuildFile section */

/* Begin PBXContainerItemProxy section */
		F3C4AB9224EEF0F900B965F7 /* PBXContainerItemProxy */ = {
			isa = PBXContainerItemProxy;
			containerPortal = F3C4AB7324EEF0F800B965F7 /* Project object */;
			proxyType = 1;
			remoteGlobalIDString = F3C4AB7A24EEF0F800B965F7;
			remoteInfo = GitUseExample;
		};
		F3C4AB9D24EEF0F900B965F7 /* PBXContainerItemProxy */ = {
			isa = PBXContainerItemProxy;
			containerPortal = F3C4AB7324EEF0F800B965F7 /* Project object */;
			proxyType = 1;
			remoteGlobalIDString = F3C4AB7A24EEF0F800B965F7;
			remoteInfo = GitUseExample;
		};
/* End PBXContainerItemProxy section */

/* Begin PBXFileReference section */
		F3C4AB7B24EEF0F800B965F7 /* GitUseExample.app */ = {isa = PBXFileReference; explicitFileType = wrapper.application; includeInIndex = 0; path = GitUseExample.app; sourceTree = BUILT_PRODUCTS_DIR; };
		F3C4AB7E24EEF0F800B965F7 /* AppDelegate.swift */ = {isa = PBXFileReference; lastKnownFileType = sourcecode.swift; path = AppDelegate.swift; sourceTree = "<group>"; };
		F3C4AB8024EEF0F800B965F7 /* SceneDelegate.swift */ = {isa = PBXFileReference; lastKnownFileType = sourcecode.swift; path = SceneDelegate.swift; sourceTree = "<group>"; };
		F3C4AB8224EEF0F800B965F7 /* ViewController.swift */ = {isa = PBXFileReference; lastKnownFileType = sourcecode.swift; path = ViewController.swift; sourceTree = "<group>"; };
		F3C4AB8524EEF0F800B965F7 /* Base */ = {isa = PBXFileReference; lastKnownFileType = file.storyboard; name = Base; path = Base.lproj/Main.storyboard; sourceTree = "<group>"; };
		F3C4AB8724EEF0F900B965F7 /* Assets.xcassets */ = {isa = PBXFileReference; lastKnownFileType = folder.assetcatalog; path = Assets.xcassets; sourceTree = "<group>"; };
		F3C4AB8A24EEF0F900B965F7 /* Base */ = {isa = PBXFileReference; lastKnownFileType = file.storyboard; name = Base; path = Base.lproj/LaunchScreen.storyboard; sourceTree = "<group>"; };
		F3C4AB8C24EEF0F900B965F7 /* Info.plist */ = {isa = PBXFileReference; lastKnownFileType = text.plist.xml; path = Info.plist; sourceTree = "<group>"; };
		F3C4AB9124EEF0F900B965F7 /* GitUseExampleTests.xctest */ = {isa = PBXFileReference; explicitFileType = wrapper.cfbundle; includeInIndex = 0; path = GitUseExampleTests.xctest; sourceTree = BUILT_PRODUCTS_DIR; };
		F3C4AB9524EEF0F900B965F7 /* GitUseExampleTests.swift */ = {isa = PBXFileReference; lastKnownFileType = sourcecode.swift; path = GitUseExampleTests.swift; sourceTree = "<group>"; };
		F3C4AB9724EEF0F900B965F7 /* Info.plist */ = {isa = PBXFileReference; lastKnownFileType = text.plist.xml; path = Info.plist; sourceTree = "<group>"; };
		F3C4AB9C24EEF0F900B965F7 /* GitUseExampleUITests.xctest */ = {isa = PBXFileReference; explicitFileType = wrapper.cfbundle; includeInIndex = 0; path = GitUseExampleUITests.xctest; sourceTree = BUILT_PRODUCTS_DIR; };
		F3C4ABA024EEF0F900B965F7 /* GitUseExampleUITests.swift */ = {isa = PBXFileReference; lastKnownFileType = sourcecode.swift; path = GitUseExampleUITests.swift; sourceTree = "<group>"; };
		F3C4ABA224EEF0F900B965F7 /* Info.plist */ = {isa = PBXFileReference; lastKnownFileType = text.plist.xml; path = Info.plist; sourceTree = "<group>"; };
		F3C4ABB024EEF2ED00B965F7 /* MapForItinerery.swift */ = {isa = PBXFileReference; lastKnownFileType = sourcecode.swift; path = MapForItinerery.swift; sourceTree = "<group>"; };
/* End PBXFileReference section */

/* Begin PBXFrameworksBuildPhase section */
		F3C4AB7824EEF0F800B965F7 /* Frameworks */ = {
			isa = PBXFrameworksBuildPhase;
			buildActionMask = 2147483647;
			files = (
			);
			runOnlyForDeploymentPostprocessing = 0;
		};
		F3C4AB8E24EEF0F900B965F7 /* Frameworks */ = {
			isa = PBXFrameworksBuildPhase;
			buildActionMask = 2147483647;
			files = (
			);
			runOnlyForDeploymentPostprocessing = 0;
		};
		F3C4AB9924EEF0F900B965F7 /* Frameworks */ = {
			isa = PBXFrameworksBuildPhase;
			buildActionMask = 2147483647;
			files = (
			);
			runOnlyForDeploymentPostprocessing = 0;
		};
/* End PBXFrameworksBuildPhase section */

/* Begin PBXGroup section */
		F3C4AB7224EEF0F800B965F7 = {
			isa = PBXGroup;
			children = (
				F3C4AB7D24EEF0F800B965F7 /* GitUseExample */,
				F3C4AB9424EEF0F900B965F7 /* GitUseExampleTests */,
				F3C4AB9F24EEF0F900B965F7 /* GitUseExampleUITests */,
				F3C4AB7C24EEF0F800B965F7 /* Products */,
			);
			sourceTree = "<group>";
		};
		F3C4AB7C24EEF0F800B965F7 /* Products */ = {
			isa = PBXGroup;
			children = (
				F3C4AB7B24EEF0F800B965F7 /* GitUseExample.app */,
				F3C4AB9124EEF0F900B965F7 /* GitUseExampleTests.xctest */,
				F3C4AB9C24EEF0F900B965F7 /* GitUseExampleUITests.xctest */,
			);
			name = Products;
			sourceTree = "<group>";
		};
		F3C4AB7D24EEF0F800B965F7 /* GitUseExample */ = {
			isa = PBXGroup;
			children = (
				F3C4ABB024EEF2ED00B965F7 /* MapForItinerery.swift */,
				F3C4AB7E24EEF0F800B965F7 /* AppDelegate.swift */,
				F3C4AB8024EEF0F800B965F7 /* SceneDelegate.swift */,
				F3C4AB8224EEF0F800B965F7 /* ViewController.swift */,
				F3C4AB8424EEF0F800B965F7 /* Main.storyboard */,
				F3C4AB8724EEF0F900B965F7 /* Assets.xcassets */,
				F3C4AB8924EEF0F900B965F7 /* LaunchScreen.storyboard */,
				F3C4AB8C24EEF0F900B965F7 /* Info.plist */,
			);
			path = GitUseExample;
			sourceTree = "<group>";
		};
		F3C4AB9424EEF0F900B965F7 /* GitUseExampleTests */ = {
			isa = PBXGroup;
			children = (
				F3C4AB9524EEF0F900B965F7 /* GitUseExampleTests.swift */,
				F3C4AB9724EEF0F900B965F7 /* Info.plist */,
			);
			path = GitUseExampleTests;
			sourceTree = "<group>";
		};
		F3C4AB9F24EEF0F900B965F7 /* GitUseExampleUITests */ = {
			isa = PBXGroup;
			children = (
				F3C4ABA024EEF0F900B965F7 /* GitUseExampleUITests.swift */,
				F3C4ABA224EEF0F900B965F7 /* Info.plist */,
			);
			path = GitUseExampleUITests;
			sourceTree = "<group>";
		};
/* End PBXGroup section */

/* Begin PBXNativeTarget section */
		F3C4AB7A24EEF0F800B965F7 /* GitUseExample */ = {
			isa = PBXNativeTarget;
			buildConfigurationList = F3C4ABA524EEF0F900B965F7 /* Build configuration list for PBXNativeTarget "GitUseExample" */;
			buildPhases = (
				F3C4AB7724EEF0F800B965F7 /* Sources */,
				F3C4AB7824EEF0F800B965F7 /* Frameworks */,
				F3C4AB7924EEF0F800B965F7 /* Resources */,
			);
			buildRules = (
			);
			dependencies = (
			);
			name = GitUseExample;
			productName = GitUseExample;
			productReference = F3C4AB7B24EEF0F800B965F7 /* GitUseExample.app */;
			productType = "com.apple.product-type.application";
		};
		F3C4AB9024EEF0F900B965F7 /* GitUseExampleTests */ = {
			isa = PBXNativeTarget;
			buildConfigurationList = F3C4ABA824EEF0F900B965F7 /* Build configuration list for PBXNativeTarget "GitUseExampleTests" */;
			buildPhases = (
				F3C4AB8D24EEF0F900B965F7 /* Sources */,
				F3C4AB8E24EEF0F900B965F7 /* Frameworks */,
				F3C4AB8F24EEF0F900B965F7 /* Resources */,
			);
			buildRules = (
			);
			dependencies = (
				F3C4AB9324EEF0F900B965F7 /* PBXTargetDependency */,
			);
			name = GitUseExampleTests;
			productName = GitUseExampleTests;
			productReference = F3C4AB9124EEF0F900B965F7 /* GitUseExampleTests.xctest */;
			productType = "com.apple.product-type.bundle.unit-test";
		};
		F3C4AB9B24EEF0F900B965F7 /* GitUseExampleUITests */ = {
			isa = PBXNativeTarget;
			buildConfigurationList = F3C4ABAB24EEF0F900B965F7 /* Build configuration list for PBXNativeTarget "GitUseExampleUITests" */;
			buildPhases = (
				F3C4AB9824EEF0F900B965F7 /* Sources */,
				F3C4AB9924EEF0F900B965F7 /* Frameworks */,
				F3C4AB9A24EEF0F900B965F7 /* Resources */,
			);
			buildRules = (
			);
			dependencies = (
				F3C4AB9E24EEF0F900B965F7 /* PBXTargetDependency */,
			);
			name = GitUseExampleUITests;
			productName = GitUseExampleUITests;
			productReference = F3C4AB9C24EEF0F900B965F7 /* GitUseExampleUITests.xctest */;
			productType = "com.apple.product-type.bundle.ui-testing";
		};
/* End PBXNativeTarget section */

/* Begin PBXProject section */
		F3C4AB7324EEF0F800B965F7 /* Project object */ = {
			isa = PBXProject;
			attributes = {
				LastSwiftUpdateCheck = 1130;
				LastUpgradeCheck = 1130;
				ORGANIZATIONNAME = "Cohen Archbold";
				TargetAttributes = {
					F3C4AB7A24EEF0F800B965F7 = {
						CreatedOnToolsVersion = 11.3.1;
					};
					F3C4AB9024EEF0F900B965F7 = {
						CreatedOnToolsVersion = 11.3.1;
						TestTargetID = F3C4AB7A24EEF0F800B965F7;
					};
					F3C4AB9B24EEF0F900B965F7 = {
						CreatedOnToolsVersion = 11.3.1;
						TestTargetID = F3C4AB7A24EEF0F800B965F7;
					};
				};
			};
			buildConfigurationList = F3C4AB7624EEF0F800B965F7 /* Build configuration list for PBXProject "GitUseExample" */;
			compatibilityVersion = "Xcode 9.3";
			developmentRegion = en;
			hasScannedForEncodings = 0;
			knownRegions = (
				en,
				Base,
			);
			mainGroup = F3C4AB7224EEF0F800B965F7;
			productRefGroup = F3C4AB7C24EEF0F800B965F7 /* Products */;
			projectDirPath = "";
			projectRoot = "";
			targets = (
				F3C4AB7A24EEF0F800B965F7 /* GitUseExample */,
				F3C4AB9024EEF0F900B965F7 /* GitUseExampleTests */,
				F3C4AB9B24EEF0F900B965F7 /* GitUseExampleUITests */,
			);
		};
/* End PBXProject section */

/* Begin PBXResourcesBuildPhase section */
		F3C4AB7924EEF0F800B965F7 /* Resources */ = {
			isa = PBXResourcesBuildPhase;
			buildActionMask = 2147483647;
			files = (
				F3C4AB8B24EEF0F900B965F7 /* LaunchScreen.storyboard in Resources */,
				F3C4AB8824EEF0F900B965F7 /* Assets.xcassets in Resources */,
				F3C4AB8624EEF0F800B965F7 /* Main.storyboard in Resources */,
			);
			runOnlyForDeploymentPostprocessing = 0;
		};
		F3C4AB8F24EEF0F900B965F7 /* Resources */ = {
			isa = PBXResourcesBuildPhase;
			buildActionMask = 2147483647;
			files = (
			);
			runOnlyForDeploymentPostprocessing = 0;
		};
		F3C4AB9A24EEF0F900B965F7 /* Resources */ = {
			isa = PBXResourcesBuildPhase;
			buildActionMask = 2147483647;
			files = (
			);
			runOnlyForDeploymentPostprocessing = 0;
		};
/* End PBXResourcesBuildPhase section */

/* Begin PBXSourcesBuildPhase section */
		F3C4AB7724EEF0F800B965F7 /* Sources */ = {
			isa = PBXSourcesBuildPhase;
			buildActionMask = 2147483647;
			files = (
				F3C4ABB124EEF2ED00B965F7 /* MapForItinerery.swift in Sources */,
				F3C4AB8324EEF0F800B965F7 /* ViewController.swift in Sources */,
				F3C4AB7F24EEF0F800B965F7 /* AppDelegate.swift in Sources */,
				F3C4AB8124EEF0F800B965F7 /* SceneDelegate.swift in Sources */,
			);
			runOnlyForDeploymentPostprocessing = 0;
		};
		F3C4AB8D24EEF0F900B965F7 /* Sources */ = {
			isa = PBXSourcesBuildPhase;
			buildActionMask = 2147483647;
			files = (
				F3C4AB9624EEF0F900B965F7 /* GitUseExampleTests.swift in Sources */,
			);
			runOnlyForDeploymentPostprocessing = 0;
		};
		F3C4AB9824EEF0F900B965F7 /* Sources */ = {
			isa = PBXSourcesBuildPhase;
			buildActionMask = 2147483647;
			files = (
				F3C4ABA124EEF0F900B965F7 /* GitUseExampleUITests.swift in Sources */,
			);
			runOnlyForDeploymentPostprocessing = 0;
		};
/* End PBXSourcesBuildPhase section */

/* Begin PBXTargetDependency section */
		F3C4AB9324EEF0F900B965F7 /* PBXTargetDependency */ = {
			isa = PBXTargetDependency;
			target = F3C4AB7A24EEF0F800B965F7 /* GitUseExample */;
			targetProxy = F3C4AB9224EEF0F900B965F7 /* PBXContainerItemProxy */;
		};
		F3C4AB9E24EEF0F900B965F7 /* PBXTargetDependency */ = {
			isa = PBXTargetDependency;
			target = F3C4AB7A24EEF0F800B965F7 /* GitUseExample */;
			targetProxy = F3C4AB9D24EEF0F900B965F7 /* PBXContainerItemProxy */;
		};
/* End PBXTargetDependency section */

/* Begin PBXVariantGroup section */
		F3C4AB8424EEF0F800B965F7 /* Main.storyboard */ = {
			isa = PBXVariantGroup;
			children = (
				F3C4AB8524EEF0F800B965F7 /* Base */,
			);
			name = Main.storyboard;
			sourceTree = "<group>";
		};
		F3C4AB8924EEF0F900B965F7 /* LaunchScreen.storyboard */ = {
			isa = PBXVariantGroup;
			children = (
				F3C4AB8A24EEF0F900B965F7 /* Base */,
			);
			name = LaunchScreen.storyboard;
			sourceTree = "<group>";
		};
/* End PBXVariantGroup section */

/* Begin XCBuildConfiguration section */
		F3C4ABA324EEF0F900B965F7 /* Debug */ = {
			isa = XCBuildConfiguration;
			buildSettings = {
				ALWAYS_SEARCH_USER_PATHS = NO;
				CLANG_ANALYZER_NONNULL = YES;
				CLANG_ANALYZER_NUMBER_OBJECT_CONVERSION = YES_AGGRESSIVE;
				CLANG_CXX_LANGUAGE_STANDARD = "gnu++14";
				CLANG_CXX_LIBRARY = "libc++";
				CLANG_ENABLE_MODULES = YES;
				CLANG_ENABLE_OBJC_ARC = YES;
				CLANG_ENABLE_OBJC_WEAK = YES;
				CLANG_WARN_BLOCK_CAPTURE_AUTORELEASING = YES;
				CLANG_WARN_BOOL_CONVERSION = YES;
				CLANG_WARN_COMMA = YES;
				CLANG_WARN_CONSTANT_CONVERSION = YES;
				CLANG_WARN_DEPRECATED_OBJC_IMPLEMENTATIONS = YES;
				CLANG_WARN_DIRECT_OBJC_ISA_USAGE = YES_ERROR;
				CLANG_WARN_DOCUMENTATION_COMMENTS = YES;
				CLANG_WARN_EMPTY_BODY = YES;
				CLANG_WARN_ENUM_CONVERSION = YES;
				CLANG_WARN_INFINITE_RECURSION = YES;
				CLANG_WARN_INT_CONVERSION = YES;
				CLANG_WARN_NON_LITERAL_NULL_CONVERSION = YES;
				CLANG_WARN_OBJC_IMPLICIT_RETAIN_SELF = YES;
				CLANG_WARN_OBJC_LITERAL_CONVERSION = YES;
				CLANG_WARN_OBJC_ROOT_CLASS = YES_ERROR;
				CLANG_WARN_RANGE_LOOP_ANALYSIS = YES;
				CLANG_WARN_STRICT_PROTOTYPES = YES;
				CLANG_WARN_SUSPICIOUS_MOVE = YES;
				CLANG_WARN_UNGUARDED_AVAILABILITY = YES_AGGRESSIVE;
				CLANG_WARN_UNREACHABLE_CODE = YES;
				CLANG_WARN__DUPLICATE_METHOD_MATCH = YES;
				COPY_PHASE_STRIP = NO;
				DEBUG_INFORMATION_FORMAT = dwarf;
				ENABLE_STRICT_OBJC_MSGSEND = YES;
				ENABLE_TESTABILITY = YES;
				GCC_C_LANGUAGE_STANDARD = gnu11;
				GCC_DYNAMIC_NO_PIC = NO;
				GCC_NO_COMMON_BLOCKS = YES;
				GCC_OPTIMIZATION_LEVEL = 0;
				GCC_PREPROCESSOR_DEFINITIONS = (
					"DEBUG=1",
					"$(inherited)",
				);
				GCC_WARN_64_TO_32_BIT_CONVERSION = YES;
				GCC_WARN_ABOUT_RETURN_TYPE = YES_ERROR;
				GCC_WARN_UNDECLARED_SELECTOR = YES;
				GCC_WARN_UNINITIALIZED_AUTOS = YES_AGGRESSIVE;
				GCC_WARN_UNUSED_FUNCTION = YES;
				GCC_WARN_UNUSED_VARIABLE = YES;
				IPHONEOS_DEPLOYMENT_TARGET = 13.2;
				MTL_ENABLE_DEBUG_INFO = INCLUDE_SOURCE;
				MTL_FAST_MATH = YES;
				ONLY_ACTIVE_ARCH = YES;
				SDKROOT = iphoneos;
				SWIFT_ACTIVE_COMPILATION_CONDITIONS = DEBUG;
				SWIFT_OPTIMIZATION_LEVEL = "-Onone";
			};
			name = Debug;
		};
		F3C4ABA424EEF0F900B965F7 /* Release */ = {
			isa = XCBuildConfiguration;
			buildSettings = {
				ALWAYS_SEARCH_USER_PATHS = NO;
				CLANG_ANALYZER_NONNULL = YES;
				CLANG_ANALYZER_NUMBER_OBJECT_CONVERSION = YES_AGGRESSIVE;
				CLANG_CXX_LANGUAGE_STANDARD = "gnu++14";
				CLANG_CXX_LIBRARY = "libc++";
				CLANG_ENABLE_MODULES = YES;
				CLANG_ENABLE_OBJC_ARC = YES;
				CLANG_ENABLE_OBJC_WEAK = YES;
				CLANG_WARN_BLOCK_CAPTURE_AUTORELEASING = YES;
				CLANG_WARN_BOOL_CONVERSION = YES;
				CLANG_WARN_COMMA = YES;
				CLANG_WARN_CONSTANT_CONVERSION = YES;
				CLANG_WARN_DEPRECATED_OBJC_IMPLEMENTATIONS = YES;
				CLANG_WARN_DIRECT_OBJC_ISA_USAGE = YES_ERROR;
				CLANG_WARN_DOCUMENTATION_COMMENTS = YES;
				CLANG_WARN_EMPTY_BODY = YES;
				CLANG_WARN_ENUM_CONVERSION = YES;
				CLANG_WARN_INFINITE_RECURSION = YES;
				CLANG_WARN_INT_CONVERSION = YES;
				CLANG_WARN_NON_LITERAL_NULL_CONVERSION = YES;
				CLANG_WARN_OBJC_IMPLICIT_RETAIN_SELF = YES;
				CLANG_WARN_OBJC_LITERAL_CONVERSION = YES;
				CLANG_WARN_OBJC_ROOT_CLASS = YES_ERROR;
				CLANG_WARN_RANGE_LOOP_ANALYSIS = YES;
				CLANG_WARN_STRICT_PROTOTYPES = YES;
				CLANG_WARN_SUSPICIOUS_MOVE = YES;
				CLANG_WARN_UNGUARDED_AVAILABILITY = YES_AGGRESSIVE;
				CLANG_WARN_UNREACHABLE_CODE = YES;
				CLANG_WARN__DUPLICATE_METHOD_MATCH = YES;
				COPY_PHASE_STRIP = NO;
				DEBUG_INFORMATION_FORMAT = "dwarf-with-dsym";
				ENABLE_NS_ASSERTIONS = NO;
				ENABLE_STRICT_OBJC_MSGSEND = YES;
				GCC_C_LANGUAGE_STANDARD = gnu11;
				GCC_NO_COMMON_BLOCKS = YES;
				GCC_WARN_64_TO_32_BIT_CONVERSION = YES;
				GCC_WARN_ABOUT_RETURN_TYPE = YES_ERROR;
				GCC_WARN_UNDECLARED_SELECTOR = YES;
				GCC_WARN_UNINITIALIZED_AUTOS = YES_AGGRESSIVE;
				GCC_WARN_UNUSED_FUNCTION = YES;
				GCC_WARN_UNUSED_VARIABLE = YES;
				IPHONEOS_DEPLOYMENT_TARGET = 13.2;
				MTL_ENABLE_DEBUG_INFO = NO;
				MTL_FAST_MATH = YES;
				SDKROOT = iphoneos;
				SWIFT_COMPILATION_MODE = wholemodule;
				SWIFT_OPTIMIZATION_LEVEL = "-O";
				VALIDATE_PRODUCT = YES;
			};
			name = Release;
		};
		F3C4ABA624EEF0F900B965F7 /* Debug */ = {
			isa = XCBuildConfiguration;
			buildSettings = {
				ASSETCATALOG_COMPILER_APPICON_NAME = AppIcon;
				CODE_SIGN_STYLE = Automatic;
				INFOPLIST_FILE = GitUseExample/Info.plist;
				LD_RUNPATH_SEARCH_PATHS = (
					"$(inherited)",
					"@executable_path/Frameworks",
				);
				PRODUCT_BUNDLE_IDENTIFIER = UKY.GitUseExample;
				PRODUCT_NAME = "$(TARGET_NAME)";
				SWIFT_VERSION = 5.0;
				TARGETED_DEVICE_FAMILY = "1,2";
			};
			name = Debug;
		};
		F3C4ABA724EEF0F900B965F7 /* Release */ = {
			isa = XCBuildConfiguration;
			buildSettings = {
				ASSETCATALOG_COMPILER_APPICON_NAME = AppIcon;
				CODE_SIGN_STYLE = Automatic;
				INFOPLIST_FILE = GitUseExample/Info.plist;
				LD_RUNPATH_SEARCH_PATHS = (
					"$(inherited)",
					"@executable_path/Frameworks",
				);
				PRODUCT_BUNDLE_IDENTIFIER = UKY.GitUseExample;
				PRODUCT_NAME = "$(TARGET_NAME)";
				SWIFT_VERSION = 5.0;
				TARGETED_DEVICE_FAMILY = "1,2";
			};
			name = Release;
		};
		F3C4ABA924EEF0F900B965F7 /* Debug */ = {
			isa = XCBuildConfiguration;
			buildSettings = {
				ALWAYS_EMBED_SWIFT_STANDARD_LIBRARIES = YES;
				BUNDLE_LOADER = "$(TEST_HOST)";
				CODE_SIGN_STYLE = Automatic;
				INFOPLIST_FILE = GitUseExampleTests/Info.plist;
				IPHONEOS_DEPLOYMENT_TARGET = 13.2;
				LD_RUNPATH_SEARCH_PATHS = (
					"$(inherited)",
					"@executable_path/Frameworks",
					"@loader_path/Frameworks",
				);
				PRODUCT_BUNDLE_IDENTIFIER = UKY.GitUseExampleTests;
				PRODUCT_NAME = "$(TARGET_NAME)";
				SWIFT_VERSION = 5.0;
				TARGETED_DEVICE_FAMILY = "1,2";
				TEST_HOST = "$(BUILT_PRODUCTS_DIR)/GitUseExample.app/GitUseExample";
			};
			name = Debug;
		};
		F3C4ABAA24EEF0F900B965F7 /* Release */ = {
			isa = XCBuildConfiguration;
			buildSettings = {
				ALWAYS_EMBED_SWIFT_STANDARD_LIBRARIES = YES;
				BUNDLE_LOADER = "$(TEST_HOST)";
				CODE_SIGN_STYLE = Automatic;
				INFOPLIST_FILE = GitUseExampleTests/Info.plist;
				IPHONEOS_DEPLOYMENT_TARGET = 13.2;
				LD_RUNPATH_SEARCH_PATHS = (
					"$(inherited)",
					"@executable_path/Frameworks",
					"@loader_path/Frameworks",
				);
				PRODUCT_BUNDLE_IDENTIFIER = UKY.GitUseExampleTests;
				PRODUCT_NAME = "$(TARGET_NAME)";
				SWIFT_VERSION = 5.0;
				TARGETED_DEVICE_FAMILY = "1,2";
				TEST_HOST = "$(BUILT_PRODUCTS_DIR)/GitUseExample.app/GitUseExample";
			};
			name = Release;
		};
		F3C4ABAC24EEF0F900B965F7 /* Debug */ = {
			isa = XCBuildConfiguration;
			buildSettings = {
				ALWAYS_EMBED_SWIFT_STANDARD_LIBRARIES = YES;
				CODE_SIGN_STYLE = Automatic;
				INFOPLIST_FILE = GitUseExampleUITests/Info.plist;
				LD_RUNPATH_SEARCH_PATHS = (
					"$(inherited)",
					"@executable_path/Frameworks",
					"@loader_path/Frameworks",
				);
				PRODUCT_BUNDLE_IDENTIFIER = UKY.GitUseExampleUITests;
				PRODUCT_NAME = "$(TARGET_NAME)";
				SWIFT_VERSION = 5.0;
				TARGETED_DEVICE_FAMILY = "1,2";
				TEST_TARGET_NAME = GitUseExample;
			};
			name = Debug;
		};
		F3C4ABAD24EEF0F900B965F7 /* Release */ = {
			isa = XCBuildConfiguration;
			buildSettings = {
				ALWAYS_EMBED_SWIFT_STANDARD_LIBRARIES = YES;
				CODE_SIGN_STYLE = Automatic;
				INFOPLIST_FILE = GitUseExampleUITests/Info.plist;
				LD_RUNPATH_SEARCH_PATHS = (
					"$(inherited)",
					"@executable_path/Frameworks",
					"@loader_path/Frameworks",
				);
				PRODUCT_BUNDLE_IDENTIFIER = UKY.GitUseExampleUITests;
				PRODUCT_NAME = "$(TARGET_NAME)";
				SWIFT_VERSION = 5.0;
				TARGETED_DEVICE_FAMILY = "1,2";
				TEST_TARGET_NAME = GitUseExample;
			};
			name = Release;
		};
/* End XCBuildConfiguration section */

/* Begin XCConfigurationList section */
		F3C4AB7624EEF0F800B965F7 /* Build configuration list for PBXProject "GitUseExample" */ = {
			isa = XCConfigurationList;
			buildConfigurations = (
				F3C4ABA324EEF0F900B965F7 /* Debug */,
				F3C4ABA424EEF0F900B965F7 /* Release */,
			);
			defaultConfigurationIsVisible = 0;
			defaultConfigurationName = Release;
		};
		F3C4ABA524EEF0F900B965F7 /* Build configuration list for PBXNativeTarget "GitUseExample" */ = {
			isa = XCConfigurationList;
			buildConfigurations = (
				F3C4ABA624EEF0F900B965F7 /* Debug */,
				F3C4ABA724EEF0F900B965F7 /* Release */,
			);
			defaultConfigurationIsVisible = 0;
			defaultConfigurationName = Release;
		};
		F3C4ABA824EEF0F900B965F7 /* Build configuration list for PBXNativeTarget "GitUseExampleTests" */ = {
			isa = XCConfigurationList;
			buildConfigurations = (
				F3C4ABA924EEF0F900B965F7 /* Debug */,
				F3C4ABAA24EEF0F900B965F7 /* Release */,
			);
			defaultConfigurationIsVisible = 0;
			defaultConfigurationName = Release;
		};
		F3C4ABAB24EEF0F900B965F7 /* Build configuration list for PBXNativeTarget "GitUseExampleUITests" */ = {
			isa = XCConfigurationList;
			buildConfigurations = (
				F3C4ABAC24EEF0F900B965F7 /* Debug */,
				F3C4ABAD24EEF0F900B965F7 /* Release */,
			);
			defaultConfigurationIsVisible = 0;
			defaultConfigurationName = Release;
		};
/* End XCConfigurationList section */
	};
	rootObject = F3C4AB7324EEF0F800B965F7 /* Project object */;
}
